
Microsoft Visual Studio Solution File, Format Version 12.00
# Visual Studio 2012
Project("{FAE04EC0-301F-11D3-BF4B-00C04F79EFBC}") = "BCAT_Tracker.iOS", "BCAT_Tracker.iOS\BCAT_Tracker.iOS.csproj", "{F115A0D1-5CDE-4039-95E6-5547EB0EDD9F}"
EndProject
Project("{FAE04EC0-301F-11D3-BF4B-00C04F79EFBC}") = "BCAT_Tracker.Core", "BCAT_Tracker.Core\BCAT_Tracker.Core.csproj", "{CDCC045B-D5D8-4535-BE11-578F958D4D88}"
EndProject
Global
	GlobalSection(SolutionConfigurationPlatforms) = preSolution
		Debug|Any CPU = Debug|Any CPU
		Release|Any CPU = Release|Any CPU
		Debug|iPhoneSimulator = Debug|iPhoneSimulator
		Release|iPhone = Release|iPhone
		Release|iPhoneSimulator = Release|iPhoneSimulator
		Debug|iPhone = Debug|iPhone
	EndGlobalSection
	GlobalSection(ProjectConfigurationPlatforms) = postSolution
		{F115A0D1-5CDE-4039-95E6-5547EB0EDD9F}.Debug|Any CPU.ActiveCfg = Debug|iPhoneSimulator
		{F115A0D1-5CDE-4039-95E6-5547EB0EDD9F}.Debug|Any CPU.Build.0 = Debug|iPhoneSimulator
		{F115A0D1-5CDE-4039-95E6-5547EB0EDD9F}.Release|Any CPU.ActiveCfg = Release|iPhone
		{F115A0D1-5CDE-4039-95E6-5547EB0EDD9F}.Release|Any CPU.Build.0 = Release|iPhone
		{F115A0D1-5CDE-4039-95E6-5547EB0EDD9F}.Debug|iPhoneSimulator.ActiveCfg = Debug|iPhoneSimulator
		{F115A0D1-5CDE-4039-95E6-5547EB0EDD9F}.Debug|iPhoneSimulator.Build.0 = Debug|iPhoneSimulator
		{F115A0D1-5CDE-4039-95E6-5547EB0EDD9F}.Release|iPhone.ActiveCfg = Release|iPhone
		{F115A0D1-5CDE-4039-95E6-5547EB0EDD9F}.Release|iPhone.Build.0 = Release|iPhone
		{F115A0D1-5CDE-4039-95E6-5547EB0EDD9F}.Release|iPhoneSimulator.ActiveCfg = Release|iPhoneSimulator
		{F115A0D1-5CDE-4039-95E6-5547EB0EDD9F}.Release|iPhoneSimulator.Build.0 = Release|iPhoneSimulator
		{F115A0D1-5CDE-4039-95E6-5547EB0EDD9F}.Debug|iPhone.ActiveCfg = Debug|iPhone
		{F115A0D1-5CDE-4039-95E6-5547EB0EDD9F}.Debug|iPhone.Build.0 = Debug|iPhone
		{CDCC045B-D5D8-4535-BE11-578F958D4D88}.Debug|Any CPU.ActiveCfg = Debug|Any CPU
		{CDCC045B-D5D8-4535-BE11-578F958D4D88}.Debug|Any CPU.Build.0 = Debug|Any CPU
		{CDCC045B-D5D8-4535-BE11-578F958D4D88}.Release|Any CPU.ActiveCfg = Release|Any CPU
		{CDCC045B-D5D8-4535-BE11-578F958D4D88}.Release|Any CPU.Build.0 = Release|Any CPU
		{CDCC045B-D5D8-4535-BE11-578F958D4D88}.Debug|iPhoneSimulator.ActiveCfg = Debug|Any CPU
		{CDCC045B-D5D8-4535-BE11-578F958D4D88}.Debug|iPhoneSimulator.Build.0 = Debug|Any CPU
		{CDCC045B-D5D8-4535-BE11-578F958D4D88}.Release|iPhone.ActiveCfg = Release|Any CPU
		{CDCC045B-D5D8-4535-BE11-578F958D4D88}.Release|iPhone.Build.0 = Release|Any CPU
		{CDCC045B-D5D8-4535-BE11-578F958D4D88}.Release|iPhoneSimulator.ActiveCfg = Release|Any CPU
		{CDCC045B-D5D8-4535-BE11-578F958D4D88}.Release|iPhoneSimulator.Build.0 = Release|Any CPU
		{CDCC045B-D5D8-4535-BE11-578F958D4D88}.Debug|iPhone.ActiveCfg = Debug|Any CPU
		{CDCC045B-D5D8-4535-BE11-578F958D4D88}.Debug|iPhone.Build.0 = Debug|Any CPU
	EndGlobalSection
EndGlobal
