
Microsoft Visual Studio Solution File, Format Version 12.00
# Visual Studio 2012
Project("{FAE04EC0-301F-11D3-BF4B-00C04F79EFBC}") = "MvvmCrossSqliteDemo.iOS", "MvvmCrossSqliteDemo.iOS\MvvmCrossSqliteDemo.iOS.csproj", "{31DC156F-C51D-4209-8A18-33BF00275228}"
EndProject
Project("{FAE04EC0-301F-11D3-BF4B-00C04F79EFBC}") = "MvvmCrossSqliteDemo.Core", "MvvmCrossSqliteDemo.Core\MvvmCrossSqliteDemo.Core.csproj", "{E29B88BF-7C5E-4472-A239-CCE4034EE718}"
EndProject
Global
	GlobalSection(SolutionConfigurationPlatforms) = preSolution
		Debug|Any CPU = Debug|Any CPU
		Release|Any CPU = Release|Any CPU
		Debug|iPhoneSimulator = Debug|iPhoneSimulator
		Release|iPhone = Release|iPhone
		Release|iPhoneSimulator = Release|iPhoneSimulator
		Debug|iPhone = Debug|iPhone
	EndGlobalSection
	GlobalSection(ProjectConfigurationPlatforms) = postSolution
		{31DC156F-C51D-4209-8A18-33BF00275228}.Debug|Any CPU.ActiveCfg = Debug|iPhoneSimulator
		{31DC156F-C51D-4209-8A18-33BF00275228}.Debug|Any CPU.Build.0 = Debug|iPhoneSimulator
		{31DC156F-C51D-4209-8A18-33BF00275228}.Release|Any CPU.ActiveCfg = Release|iPhone
		{31DC156F-C51D-4209-8A18-33BF00275228}.Release|Any CPU.Build.0 = Release|iPhone
		{31DC156F-C51D-4209-8A18-33BF00275228}.Debug|iPhoneSimulator.ActiveCfg = Debug|iPhoneSimulator
		{31DC156F-C51D-4209-8A18-33BF00275228}.Debug|iPhoneSimulator.Build.0 = Debug|iPhoneSimulator
		{31DC156F-C51D-4209-8A18-33BF00275228}.Release|iPhone.ActiveCfg = Release|iPhone
		{31DC156F-C51D-4209-8A18-33BF00275228}.Release|iPhone.Build.0 = Release|iPhone
		{31DC156F-C51D-4209-8A18-33BF00275228}.Release|iPhoneSimulator.ActiveCfg = Release|iPhoneSimulator
		{31DC156F-C51D-4209-8A18-33BF00275228}.Release|iPhoneSimulator.Build.0 = Release|iPhoneSimulator
		{31DC156F-C51D-4209-8A18-33BF00275228}.Debug|iPhone.ActiveCfg = Debug|iPhone
		{31DC156F-C51D-4209-8A18-33BF00275228}.Debug|iPhone.Build.0 = Debug|iPhone
		{E29B88BF-7C5E-4472-A239-CCE4034EE718}.Debug|Any CPU.ActiveCfg = Debug|Any CPU
		{E29B88BF-7C5E-4472-A239-CCE4034EE718}.Debug|Any CPU.Build.0 = Debug|Any CPU
		{E29B88BF-7C5E-4472-A239-CCE4034EE718}.Release|Any CPU.ActiveCfg = Release|Any CPU
		{E29B88BF-7C5E-4472-A239-CCE4034EE718}.Release|Any CPU.Build.0 = Release|Any CPU
		{E29B88BF-7C5E-4472-A239-CCE4034EE718}.Debug|iPhoneSimulator.ActiveCfg = Debug|Any CPU
		{E29B88BF-7C5E-4472-A239-CCE4034EE718}.Debug|iPhoneSimulator.Build.0 = Debug|Any CPU
		{E29B88BF-7C5E-4472-A239-CCE4034EE718}.Release|iPhone.ActiveCfg = Release|Any CPU
		{E29B88BF-7C5E-4472-A239-CCE4034EE718}.Release|iPhone.Build.0 = Release|Any CPU
		{E29B88BF-7C5E-4472-A239-CCE4034EE718}.Release|iPhoneSimulator.ActiveCfg = Release|Any CPU
		{E29B88BF-7C5E-4472-A239-CCE4034EE718}.Release|iPhoneSimulator.Build.0 = Release|Any CPU
		{E29B88BF-7C5E-4472-A239-CCE4034EE718}.Debug|iPhone.ActiveCfg = Debug|Any CPU
		{E29B88BF-7C5E-4472-A239-CCE4034EE718}.Debug|iPhone.Build.0 = Debug|Any CPU
	EndGlobalSection
EndGlobal
